# This file was autogenerated by Stack.
# You should not edit this file by hand.
# For more information, please see the documentation at:
#   https://docs.haskellstack.org/en/stable/topics/lock_files

packages:
- completed:
    hackage: env-guard-0.2@sha256:4251503bde7549e267bd307f4b293c8c0ac48c6585968108e3e3fc5a3cfbb179,1312
    pantry-tree:
      sha256: 8775e6e349155fefc70b1d81394657dd1f2b85865125f7cf8d235c93dd8add89
      size: 419
  original:
    hackage: env-guard-0.2@sha256:4251503bde7549e267bd307f4b293c8c0ac48c6585968108e3e3fc5a3cfbb179,1312
- completed:
    hackage: gitrev-typed-0.1@sha256:905b696dec9c52486290cfef2d3156420de83f5b21bfb0821a37822f40ee1568,3783
    pantry-tree:
      sha256: d9aa23d85f9b5230458e035e52d1dbc676f762468c4a38e7be93dcac18b4029e
      size: 1663
  original:
    hackage: gitrev-typed-0.1@sha256:905b696dec9c52486290cfef2d3156420de83f5b21bfb0821a37822f40ee1568,3783
- completed:
    hackage: optparse-applicative-0.19.0.0@sha256:0b47b3ff7eb4a855b5f7d401690365fc62a32057374927ce0d478b620996222d,5813
    pantry-tree:
      sha256: 91733e6f053044a8b0dad22808cffb83f745299293312659c95a38edc79aadeb
      size: 4091
  original:
    hackage: optparse-applicative-0.19.0.0@sha256:0b47b3ff7eb4a855b5f7d401690365fc62a32057374927ce0d478b620996222d,5813
- completed:
    commit: 37ec7127fbd0f591d4539e4bf72a0badd7569181
    git: https://github.com/tbidne/algebra-simple.git
    name: algebra-simple
    pantry-tree:
      sha256: 879b4397add8d76e697f03f4ab986d3125a72b773df88508a360db140adb459a
      size: 3909
    version: '0.1'
  original:
    commit: 37ec7127fbd0f591d4539e4bf72a0badd7569181
    git: https://github.com/tbidne/algebra-simple.git
- completed:
    commit: b7ca541cfdd8564bcebe5d38456fe7abf77885b8
    git: https://github.com/tbidne/bounds.git
    name: bounds
    pantry-tree:
      sha256: 809a408e9b84404268e9da1a5ea8a100f683fe17ba96185ee51b01ae570c1227
      size: 833
    version: '0.1'
  original:
    commit: b7ca541cfdd8564bcebe5d38456fe7abf77885b8
    git: https://github.com/tbidne/bounds.git
- completed:
    commit: 61a9e06a26adcca70d565105a1508a16022435a2
    git: https://github.com/tbidne/exception-utils.git
    name: exception-utils
    pantry-tree:
      sha256: cce91e13bdcc949c46876cd1cd88d7493a1a6bac1228a7bea753b050f52feb43
      size: 1032
    version: '0.1'
  original:
    commit: 61a9e06a26adcca70d565105a1508a16022435a2
    git: https://github.com/tbidne/exception-utils.git
- completed:
    commit: 26136275027fd827574c5004ebd11b659d7abdab
    git: https://github.com/tbidne/fs-utils.git
    name: fs-utils
    pantry-tree:
      sha256: 493e755e1e9ffea4e744b647d1f003809f9d123171ef0583507c99a56b4861d1
      size: 1316
    version: '0.1'
  original:
    commit: 26136275027fd827574c5004ebd11b659d7abdab
    git: https://github.com/tbidne/fs-utils.git
- completed:
    commit: bc18a934ac4a665024e0f47fcbf10c841fecbb13
    git: https://github.com/tbidne/monad-effects.git
    name: effects-env
    pantry-tree:
      sha256: 30e214e6e14e490e8486c7a2b73ff564435de5f904356e5b7bf63e068376f939
      size: 234
    subdir: lib/effects-env
    version: '0.1'
  original:
    commit: bc18a934ac4a665024e0f47fcbf10c841fecbb13
    git: https://github.com/tbidne/monad-effects.git
    subdir: lib/effects-env
- completed:
    commit: bc18a934ac4a665024e0f47fcbf10c841fecbb13
    git: https://github.com/tbidne/monad-effects.git
    name: effects-fs
    pantry-tree:
      sha256: aec8f1288a6608975db69d2e2cdb2b0bce6fa3a5b8d9abd14ada08827909b934
      size: 1023
    subdir: lib/effects-fs
    version: '0.1'
  original:
    commit: bc18a934ac4a665024e0f47fcbf10c841fecbb13
    git: https://github.com/tbidne/monad-effects.git
    subdir: lib/effects-fs
- completed:
    commit: bc18a934ac4a665024e0f47fcbf10c841fecbb13
    git: https://github.com/tbidne/monad-effects.git
    name: effects-ioref
    pantry-tree:
      sha256: 50d89b4663ee6a25cec6a5aef0d3bc95657e1bbab66107bbeae5fb541ebd1d73
      size: 223
    subdir: lib/effects-ioref
    version: '0.1'
  original:
    commit: bc18a934ac4a665024e0f47fcbf10c841fecbb13
    git: https://github.com/tbidne/monad-effects.git
    subdir: lib/effects-ioref
- completed:
    commit: bc18a934ac4a665024e0f47fcbf10c841fecbb13
    git: https://github.com/tbidne/monad-effects.git
    name: effects-optparse
    pantry-tree:
      sha256: 34b458bd59376691e71667941cb5707bb8999d9882417abbbef5b77ae8cdea0d
      size: 304
    subdir: lib/effects-optparse
    version: '0.1'
  original:
    commit: bc18a934ac4a665024e0f47fcbf10c841fecbb13
    git: https://github.com/tbidne/monad-effects.git
    subdir: lib/effects-optparse
- completed:
    commit: bc18a934ac4a665024e0f47fcbf10c841fecbb13
    git: https://github.com/tbidne/monad-effects.git
    name: effects-terminal
    pantry-tree:
      sha256: 8d28fdcf3882f844d117a5a9c951cc65126a9fd1de61dd686ed87611e394aeac
      size: 237
    subdir: lib/effects-terminal
    version: '0.1'
  original:
    commit: bc18a934ac4a665024e0f47fcbf10c841fecbb13
    git: https://github.com/tbidne/monad-effects.git
    subdir: lib/effects-terminal
- completed:
    commit: bc18a934ac4a665024e0f47fcbf10c841fecbb13
    git: https://github.com/tbidne/monad-effects.git
    name: effects-time
    pantry-tree:
      sha256: 525c9edac00de6ca1af6d071bb70b9b4157192c8bc0963f79d5c8837a1a6b0ba
      size: 282
    subdir: lib/effects-time
    version: '0.1'
  original:
    commit: bc18a934ac4a665024e0f47fcbf10c841fecbb13
    git: https://github.com/tbidne/monad-effects.git
    subdir: lib/effects-time
- completed:
    commit: 4e10a4134f825ba825113955bb97be7f7e28ad6e
    git: https://github.com/tbidne/smart-math.git
    name: smart-math
    pantry-tree:
      sha256: 1888908c5a0bea7f509727f184ca55ef52ac63850cec0feb9616e15fa0bf88f8
      size: 4884
    version: '0.1'
  original:
    commit: 4e10a4134f825ba825113955bb97be7f7e28ad6e
    git: https://github.com/tbidne/smart-math.git
snapshots:
- completed:
    sha256: 00ba22708cdb7615bf811b01e43eb82aae8a615d3bf5b2b0056ffbbecabe6506
    size: 705114
    url: https://raw.githubusercontent.com/commercialhaskell/stackage-snapshots/master/nightly/2025/11/1.yaml
  original: nightly-2025-11-01
