# This file was autogenerated by Stack.
# You should not edit this file by hand.
# For more information, please see the documentation at:
#   https://docs.haskellstack.org/en/stable/lock_files

packages:
- completed:
    commit: 37ec7127fbd0f591d4539e4bf72a0badd7569181
    git: https://github.com/tbidne/algebra-simple.git
    name: algebra-simple
    pantry-tree:
      sha256: 879b4397add8d76e697f03f4ab986d3125a72b773df88508a360db140adb459a
      size: 3909
    version: '0.1'
  original:
    commit: 37ec7127fbd0f591d4539e4bf72a0badd7569181
    git: https://github.com/tbidne/algebra-simple.git
- completed:
    commit: b7ca541cfdd8564bcebe5d38456fe7abf77885b8
    git: https://github.com/tbidne/bounds.git
    name: bounds
    pantry-tree:
      sha256: 809a408e9b84404268e9da1a5ea8a100f683fe17ba96185ee51b01ae570c1227
      size: 833
    version: '0.1'
  original:
    commit: b7ca541cfdd8564bcebe5d38456fe7abf77885b8
    git: https://github.com/tbidne/bounds.git
- completed:
    commit: e28b28ae3bc90a0336abf69eff28369b790f4e13
    git: https://github.com/tbidne/exception-utils.git
    name: exception-utils
    pantry-tree:
      sha256: 7f2b5295921647e923acf2a01756b3e37b5aef3e0ae4c265f6c2815cde0e76cb
      size: 1032
    version: '0.1'
  original:
    commit: e28b28ae3bc90a0336abf69eff28369b790f4e13
    git: https://github.com/tbidne/exception-utils.git
- completed:
    commit: 83472bc22a938db0d3b4c02a24a52bfca0484637
    git: https://github.com/tbidne/fs-utils.git
    name: fs-utils
    pantry-tree:
      sha256: fdaee3d0e3ff48d1fb49c12be01277c6f39326a0d131cfa271fad0c9e4679dea
      size: 1103
    version: '0.1'
  original:
    commit: 83472bc22a938db0d3b4c02a24a52bfca0484637
    git: https://github.com/tbidne/fs-utils.git
- completed:
    commit: 80cc48f2ebba62e526ca623da75053cd943473f7
    git: https://github.com/tbidne/monad-effects.git
    name: effects-env
    pantry-tree:
      sha256: 980c63ee625a7a2836c774523dc97e21ac9c824f92474446d6c45c10d2498f2f
      size: 234
    subdir: lib/effects-env
    version: '0.1'
  original:
    commit: 80cc48f2ebba62e526ca623da75053cd943473f7
    git: https://github.com/tbidne/monad-effects.git
    subdir: lib/effects-env
- completed:
    commit: 80cc48f2ebba62e526ca623da75053cd943473f7
    git: https://github.com/tbidne/monad-effects.git
    name: effects-fs
    pantry-tree:
      sha256: d162ad07c50b4a3a7ae8c47745e6dcfa59992e73790837e424c673f8ee0a6f12
      size: 1023
    subdir: lib/effects-fs
    version: '0.1'
  original:
    commit: 80cc48f2ebba62e526ca623da75053cd943473f7
    git: https://github.com/tbidne/monad-effects.git
    subdir: lib/effects-fs
- completed:
    commit: 80cc48f2ebba62e526ca623da75053cd943473f7
    git: https://github.com/tbidne/monad-effects.git
    name: effects-ioref
    pantry-tree:
      sha256: ac12b6572dcda3006daebc2b35d231cf5e306e24ff6acbf504693ce056715ef7
      size: 223
    subdir: lib/effects-ioref
    version: '0.1'
  original:
    commit: 80cc48f2ebba62e526ca623da75053cd943473f7
    git: https://github.com/tbidne/monad-effects.git
    subdir: lib/effects-ioref
- completed:
    commit: 80cc48f2ebba62e526ca623da75053cd943473f7
    git: https://github.com/tbidne/monad-effects.git
    name: effects-optparse
    pantry-tree:
      sha256: df07f6836728c3b10d85d4dfba79599acef1869d8137f495d7ba793d42f24708
      size: 230
    subdir: lib/effects-optparse
    version: '0.1'
  original:
    commit: 80cc48f2ebba62e526ca623da75053cd943473f7
    git: https://github.com/tbidne/monad-effects.git
    subdir: lib/effects-optparse
- completed:
    commit: 80cc48f2ebba62e526ca623da75053cd943473f7
    git: https://github.com/tbidne/monad-effects.git
    name: effects-terminal
    pantry-tree:
      sha256: 39995adc0ebaa697ffc1a9e5a6c2a4be90ca69f6967b6bd78d65dec45fbd4e4c
      size: 237
    subdir: lib/effects-terminal
    version: '0.1'
  original:
    commit: 80cc48f2ebba62e526ca623da75053cd943473f7
    git: https://github.com/tbidne/monad-effects.git
    subdir: lib/effects-terminal
- completed:
    commit: 80cc48f2ebba62e526ca623da75053cd943473f7
    git: https://github.com/tbidne/monad-effects.git
    name: effects-time
    pantry-tree:
      sha256: 1a402f469532f9fe3e5416379f896972ef2da76c7be9918477805278873c6199
      size: 281
    subdir: lib/effects-time
    version: '0.1'
  original:
    commit: 80cc48f2ebba62e526ca623da75053cd943473f7
    git: https://github.com/tbidne/monad-effects.git
    subdir: lib/effects-time
- completed:
    commit: a39c02ec6a5a9c4b551baffafd75f26be74dd457
    git: https://github.com/tbidne/smart-math.git
    name: smart-math
    pantry-tree:
      sha256: a1e0b92a964ef0f9b502abc2259374cb2b960a11e6911ec12471d2a9d4f127b7
      size: 6200
    version: '0.1'
  original:
    commit: a39c02ec6a5a9c4b551baffafd75f26be74dd457
    git: https://github.com/tbidne/smart-math.git
snapshots:
- completed:
    sha256: daa5917e1e6ded1c5712023469083c25a71af66bc23069db3dc77764f9d3b052
    size: 658339
    url: https://raw.githubusercontent.com/commercialhaskell/stackage-snapshots/master/nightly/2025/3/11.yaml
  original: nightly-2025-03-11
